
Microsoft Visual Studio Solution File, Format Version 12.00
# Visual Studio Version 16
VisualStudioVersion = 16.0.34902.97
MinimumVisualStudioVersion = 10.0.40219.1
Project("{FAE04EC0-301F-11D3-BF4B-00C04F79EFBC}") = "WebDevelopmentPractice", "WebDevelopmentPractice\WebDevelopmentPractice.csproj", "{9A66263B-7BD9-404B-8787-C174375C4290}"
EndProject
Global
	GlobalSection(SolutionConfigurationPlatforms) = preSolution
		Debug|Any CPU = Debug|Any CPU
		Release|Any CPU = Release|Any CPU
	EndGlobalSection
	GlobalSection(ProjectConfigurationPlatforms) = postSolution
		{9A66263B-7BD9-404B-8787-C174375C4290}.Debug|Any CPU.ActiveCfg = Debug|Any CPU
		{9A66263B-7BD9-404B-8787-C174375C4290}.Debug|Any CPU.Build.0 = Debug|Any CPU
		{9A66263B-7BD9-404B-8787-C174375C4290}.Release|Any CPU.ActiveCfg = Release|Any CPU
		{9A66263B-7BD9-404B-8787-C174375C4290}.Release|Any CPU.Build.0 = Release|Any CPU
	EndGlobalSection
	GlobalSection(SolutionProperties) = preSolution
		HideSolutionNode = FALSE
	EndGlobalSection
	GlobalSection(ExtensibilityGlobals) = postSolution
		SolutionGuid = {702FBC27-CFBE-42EC-B38C-29323A893F87}
	EndGlobalSection
EndGlobal
